// !$*UTF8*$!
{
	archiveVersion = 1;
	classes = {
	};
	objectVersion = 50;
	objects = {

/* Begin PBXBuildFile section */
		CC8519EF2454CF7400B83392 /* AppDelegate.swift in Sources */ = {isa = PBXBuildFile; fileRef = CC8519EE2454CF7400B83392 /* AppDelegate.swift */; };
		CC8519F12454CF7400B83392 /* SceneDelegate.swift in Sources */ = {isa = PBXBuildFile; fileRef = CC8519F02454CF7400B83392 /* SceneDelegate.swift */; };
		CC8519F32454CF7400B83392 /* ViewController.swift in Sources */ = {isa = PBXBuildFile; fileRef = CC8519F22454CF7400B83392 /* ViewController.swift */; };
		CC8519F62454CF7400B83392 /* Main.storyboard in Resources */ = {isa = PBXBuildFile; fileRef = CC8519F42454CF7400B83392 /* Main.storyboard */; };
		CC8519F92454CF7400B83392 /* BoomToonProject.xcdatamodeld in Sources */ = {isa = PBXBuildFile; fileRef = CC8519F72454CF7400B83392 /* BoomToonProject.xcdatamodeld */; };
		CC8519FB2454CF7600B83392 /* Assets.xcassets in Resources */ = {isa = PBXBuildFile; fileRef = CC8519FA2454CF7600B83392 /* Assets.xcassets */; };
		CC8519FE2454CF7600B83392 /* LaunchScreen.storyboard in Resources */ = {isa = PBXBuildFile; fileRef = CC8519FC2454CF7600B83392 /* LaunchScreen.storyboard */; };
/* End PBXBuildFile section */

/* Begin PBXFileReference section */
		CC8519EB2454CF7400B83392 /* BoomToonProject.app */ = {isa = PBXFileReference; explicitFileType = wrapper.application; includeInIndex = 0; path = BoomToonProject.app; sourceTree = BUILT_PRODUCTS_DIR; };
		CC8519EE2454CF7400B83392 /* AppDelegate.swift */ = {isa = PBXFileReference; lastKnownFileType = sourcecode.swift; path = AppDelegate.swift; sourceTree = "<group>"; };
		CC8519F02454CF7400B83392 /* SceneDelegate.swift */ = {isa = PBXFileReference; lastKnownFileType = sourcecode.swift; path = SceneDelegate.swift; sourceTree = "<group>"; };
		CC8519F22454CF7400B83392 /* ViewController.swift */ = {isa = PBXFileReference; lastKnownFileType = sourcecode.swift; path = ViewController.swift; sourceTree = "<group>"; };
		CC8519F52454CF7400B83392 /* Base */ = {isa = PBXFileReference; lastKnownFileType = file.storyboard; name = Base; path = Base.lproj/Main.storyboard; sourceTree = "<group>"; };
		CC8519F82454CF7400B83392 /* BoomToonProject.xcdatamodel */ = {isa = PBXFileReference; lastKnownFileType = wrapper.xcdatamodel; path = BoomToonProject.xcdatamodel; sourceTree = "<group>"; };
		CC8519FA2454CF7600B83392 /* Assets.xcassets */ = {isa = PBXFileReference; lastKnownFileType = folder.assetcatalog; path = Assets.xcassets; sourceTree = "<group>"; };
		CC8519FD2454CF7600B83392 /* Base */ = {isa = PBXFileReference; lastKnownFileType = file.storyboard; name = Base; path = Base.lproj/LaunchScreen.storyboard; sourceTree = "<group>"; };
		CC8519FF2454CF7600B83392 /* Info.plist */ = {isa = PBXFileReference; lastKnownFileType = text.plist.xml; path = Info.plist; sourceTree = "<group>"; };
/* End PBXFileReference section */

/* Begin PBXFrameworksBuildPhase section */
		CC8519E82454CF7400B83392 /* Frameworks */ = {
			isa = PBXFrameworksBuildPhase;
			buildActionMask = 2147483647;
			files = (
			);
			runOnlyForDeploymentPostprocessing = 0;
		};
/* End PBXFrameworksBuildPhase section */

/* Begin PBXGroup section */
		CC8519E22454CF7400B83392 = {
			isa = PBXGroup;
			children = (
				CC8519ED2454CF7400B83392 /* BoomToonProject */,
				CC8519EC2454CF7400B83392 /* Products */,
			);
			sourceTree = "<group>";
		};
		CC8519EC2454CF7400B83392 /* Products */ = {
			isa = PBXGroup;
			children = (
				CC8519EB2454CF7400B83392 /* BoomToonProject.app */,
			);
			name = Products;
			sourceTree = "<group>";
		};
		CC8519ED2454CF7400B83392 /* BoomToonProject */ = {
			isa = PBXGroup;
			children = (
				CC8519EE2454CF7400B83392 /* AppDelegate.swift */,
				CC8519F02454CF7400B83392 /* SceneDelegate.swift */,
				CC8519F22454CF7400B83392 /* ViewController.swift */,
				CC8519F42454CF7400B83392 /* Main.storyboard */,
				CC8519FA2454CF7600B83392 /* Assets.xcassets */,
				CC8519FC2454CF7600B83392 /* LaunchScreen.storyboard */,
				CC8519FF2454CF7600B83392 /* Info.plist */,
				CC8519F72454CF7400B83392 /* BoomToonProject.xcdatamodeld */,
			);
			path = BoomToonProject;
			sourceTree = "<group>";
		};
/* End PBXGroup section */

/* Begin PBXNativeTarget section */
		CC8519EA2454CF7400B83392 /* BoomToonProject */ = {
			isa = PBXNativeTarget;
			buildConfigurationList = CC851A022454CF7600B83392 /* Build configuration list for PBXNativeTarget "BoomToonProject" */;
			buildPhases = (
				CC8519E72454CF7400B83392 /* Sources */,
				CC8519E82454CF7400B83392 /* Frameworks */,
				CC8519E92454CF7400B83392 /* Resources */,
			);
			buildRules = (
			);
			dependencies = (
			);
			name = BoomToonProject;
			productName = BoomToonProject;
			productReference = CC8519EB2454CF7400B83392 /* BoomToonProject.app */;
			productType = "com.apple.product-type.application";
		};
/* End PBXNativeTarget section */

/* Begin PBXProject section */
		CC8519E32454CF7400B83392 /* Project object */ = {
			isa = PBXProject;
			attributes = {
				LastSwiftUpdateCheck = 1130;
				LastUpgradeCheck = 1130;
				ORGANIZATIONNAME = Shooq;
				TargetAttributes = {
					CC8519EA2454CF7400B83392 = {
						CreatedOnToolsVersion = 11.3.1;
					};
				};
			};
			buildConfigurationList = CC8519E62454CF7400B83392 /* Build configuration list for PBXProject "BoomToonProject" */;
			compatibilityVersion = "Xcode 9.3";
			developmentRegion = en;
			hasScannedForEncodings = 0;
			knownRegions = (
				en,
				Base,
			);
			mainGroup = CC8519E22454CF7400B83392;
			productRefGroup = CC8519EC2454CF7400B83392 /* Products */;
			projectDirPath = "";
			projectRoot = "";
			targets = (
				CC8519EA2454CF7400B83392 /* BoomToonProject */,
			);
		};
/* End PBXProject section */

/* Begin PBXResourcesBuildPhase section */
		CC8519E92454CF7400B83392 /* Resources */ = {
			isa = PBXResourcesBuildPhase;
			buildActionMask = 2147483647;
			files = (
				CC8519FE2454CF7600B83392 /* LaunchScreen.storyboard in Resources */,
				CC8519FB2454CF7600B83392 /* Assets.xcassets in Resources */,
				CC8519F62454CF7400B83392 /* Main.storyboard in Resources */,
			);
			runOnlyForDeploymentPostprocessing = 0;
		};
/* End PBXResourcesBuildPhase section */

/* Begin PBXSourcesBuildPhase section */
		CC8519E72454CF7400B83392 /* Sources */ = {
			isa = PBXSourcesBuildPhase;
			buildActionMask = 2147483647;
			files = (
				CC8519F92454CF7400B83392 /* BoomToonProject.xcdatamodeld in Sources */,
				CC8519F32454CF7400B83392 /* ViewController.swift in Sources */,
				CC8519EF2454CF7400B83392 /* AppDelegate.swift in Sources */,
				CC8519F12454CF7400B83392 /* SceneDelegate.swift in Sources */,
			);
			runOnlyForDeploymentPostprocessing = 0;
		};
/* End PBXSourcesBuildPhase section */

/* Begin PBXVariantGroup section */
		CC8519F42454CF7400B83392 /* Main.storyboard */ = {
			isa = PBXVariantGroup;
			children = (
				CC8519F52454CF7400B83392 /* Base */,
			);
			name = Main.storyboard;
			sourceTree = "<group>";
		};
		CC8519FC2454CF7600B83392 /* LaunchScreen.storyboard */ = {
			isa = PBXVariantGroup;
			children = (
				CC8519FD2454CF7600B83392 /* Base */,
			);
			name = LaunchScreen.storyboard;
			sourceTree = "<group>";
		};
/* End PBXVariantGroup section */

/* Begin XCBuildConfiguration section */
		CC851A002454CF7600B83392 /* Debug */ = {
			isa = XCBuildConfiguration;
			buildSettings = {
				ALWAYS_SEARCH_USER_PATHS = NO;
				CLANG_ANALYZER_NONNULL = YES;
				CLANG_ANALYZER_NUMBER_OBJECT_CONVERSION = YES_AGGRESSIVE;
				CLANG_CXX_LANGUAGE_STANDARD = "gnu++14";
				CLANG_CXX_LIBRARY = "libc++";
				CLANG_ENABLE_MODULES = YES;
				CLANG_ENABLE_OBJC_ARC = YES;
				CLANG_ENABLE_OBJC_WEAK = YES;
				CLANG_WARN_BLOCK_CAPTURE_AUTORELEASING = YES;
				CLANG_WARN_BOOL_CONVERSION = YES;
				CLANG_WARN_COMMA = YES;
				CLANG_WARN_CONSTANT_CONVERSION = YES;
				CLANG_WARN_DEPRECATED_OBJC_IMPLEMENTATIONS = YES;
				CLANG_WARN_DIRECT_OBJC_ISA_USAGE = YES_ERROR;
				CLANG_WARN_DOCUMENTATION_COMMENTS = YES;
				CLANG_WARN_EMPTY_BODY = YES;
				CLANG_WARN_ENUM_CONVERSION = YES;
				CLANG_WARN_INFINITE_RECURSION = YES;
				CLANG_WARN_INT_CONVERSION = YES;
				CLANG_WARN_NON_LITERAL_NULL_CONVERSION = YES;
				CLANG_WARN_OBJC_IMPLICIT_RETAIN_SELF = YES;
				CLANG_WARN_OBJC_LITERAL_CONVERSION = YES;
				CLANG_WARN_OBJC_ROOT_CLASS = YES_ERROR;
				CLANG_WARN_RANGE_LOOP_ANALYSIS = YES;
				CLANG_WARN_STRICT_PROTOTYPES = YES;
				CLANG_WARN_SUSPICIOUS_MOVE = YES;
				CLANG_WARN_UNGUARDED_AVAILABILITY = YES_AGGRESSIVE;
				CLANG_WARN_UNREACHABLE_CODE = YES;
				CLANG_WARN__DUPLICATE_METHOD_MATCH = YES;
				COPY_PHASE_STRIP = NO;
				DEBUG_INFORMATION_FORMAT = dwarf;
				ENABLE_STRICT_OBJC_MSGSEND = YES;
				ENABLE_TESTABILITY = YES;
				GCC_C_LANGUAGE_STANDARD = gnu11;
				GCC_DYNAMIC_NO_PIC = NO;
				GCC_NO_COMMON_BLOCKS = YES;
				GCC_OPTIMIZATION_LEVEL = 0;
				GCC_PREPROCESSOR_DEFINITIONS = (
					"DEBUG=1",
					"$(inherited)",
				);
				GCC_WARN_64_TO_32_BIT_CONVERSION = YES;
				GCC_WARN_ABOUT_RETURN_TYPE = YES_ERROR;
				GCC_WARN_UNDECLARED_SELECTOR = YES;
				GCC_WARN_UNINITIALIZED_AUTOS = YES_AGGRESSIVE;
				GCC_WARN_UNUSED_FUNCTION = YES;
				GCC_WARN_UNUSED_VARIABLE = YES;
				IPHONEOS_DEPLOYMENT_TARGET = 13.2;
				MTL_ENABLE_DEBUG_INFO = INCLUDE_SOURCE;
				MTL_FAST_MATH = YES;
				ONLY_ACTIVE_ARCH = YES;
				SDKROOT = iphoneos;
				SWIFT_ACTIVE_COMPILATION_CONDITIONS = DEBUG;
				SWIFT_OPTIMIZATION_LEVEL = "-Onone";
			};
			name = Debug;
		};
		CC851A012454CF7600B83392 /* Release */ = {
			isa = XCBuildConfiguration;
			buildSettings = {
				ALWAYS_SEARCH_USER_PATHS = NO;
				CLANG_ANALYZER_NONNULL = YES;
				CLANG_ANALYZER_NUMBER_OBJECT_CONVERSION = YES_AGGRESSIVE;
				CLANG_CXX_LANGUAGE_STANDARD = "gnu++14";
				CLANG_CXX_LIBRARY = "libc++";
				CLANG_ENABLE_MODULES = YES;
				CLANG_ENABLE_OBJC_ARC = YES;
				CLANG_ENABLE_OBJC_WEAK = YES;
				CLANG_WARN_BLOCK_CAPTURE_AUTORELEASING = YES;
				CLANG_WARN_BOOL_CONVERSION = YES;
				CLANG_WARN_COMMA = YES;
				CLANG_WARN_CONSTANT_CONVERSION = YES;
				CLANG_WARN_DEPRECATED_OBJC_IMPLEMENTATIONS = YES;
				CLANG_WARN_DIRECT_OBJC_ISA_USAGE = YES_ERROR;
				CLANG_WARN_DOCUMENTATION_COMMENTS = YES;
				CLANG_WARN_EMPTY_BODY = YES;
				CLANG_WARN_ENUM_CONVERSION = YES;
				CLANG_WARN_INFINITE_RECURSION = YES;
				CLANG_WARN_INT_CONVERSION = YES;
				CLANG_WARN_NON_LITERAL_NULL_CONVERSION = YES;
				CLANG_WARN_OBJC_IMPLICIT_RETAIN_SELF = YES;
				CLANG_WARN_OBJC_LITERAL_CONVERSION = YES;
				CLANG_WARN_OBJC_ROOT_CLASS = YES_ERROR;
				CLANG_WARN_RANGE_LOOP_ANALYSIS = YES;
				CLANG_WARN_STRICT_PROTOTYPES = YES;
				CLANG_WARN_SUSPICIOUS_MOVE = YES;
				CLANG_WARN_UNGUARDED_AVAILABILITY = YES_AGGRESSIVE;
				CLANG_WARN_UNREACHABLE_CODE = YES;
				CLANG_WARN__DUPLICATE_METHOD_MATCH = YES;
				COPY_PHASE_STRIP = NO;
				DEBUG_INFORMATION_FORMAT = "dwarf-with-dsym";
				ENABLE_NS_ASSERTIONS = NO;
				ENABLE_STRICT_OBJC_MSGSEND = YES;
				GCC_C_LANGUAGE_STANDARD = gnu11;
				GCC_NO_COMMON_BLOCKS = YES;
				GCC_WARN_64_TO_32_BIT_CONVERSION = YES;
				GCC_WARN_ABOUT_RETURN_TYPE = YES_ERROR;
				GCC_WARN_UNDECLARED_SELECTOR = YES;
				GCC_WARN_UNINITIALIZED_AUTOS = YES_AGGRESSIVE;
				GCC_WARN_UNUSED_FUNCTION = YES;
				GCC_WARN_UNUSED_VARIABLE = YES;
				IPHONEOS_DEPLOYMENT_TARGET = 13.2;
				MTL_ENABLE_DEBUG_INFO = NO;
				MTL_FAST_MATH = YES;
				SDKROOT = iphoneos;
				SWIFT_COMPILATION_MODE = wholemodule;
				SWIFT_OPTIMIZATION_LEVEL = "-O";
				VALIDATE_PRODUCT = YES;
			};
			name = Release;
		};
		CC851A032454CF7600B83392 /* Debug */ = {
			isa = XCBuildConfiguration;
			buildSettings = {
				ASSETCATALOG_COMPILER_APPICON_NAME = AppIcon;
				CODE_SIGN_STYLE = Automatic;
				DEVELOPMENT_TEAM = 9W5XWBS7D3;
				INFOPLIST_FILE = BoomToonProject/Info.plist;
				LD_RUNPATH_SEARCH_PATHS = (
					"$(inherited)",
					"@executable_path/Frameworks",
				);
				PRODUCT_BUNDLE_IDENTIFIER = com.example.BoomToonProject;
				PRODUCT_NAME = "$(TARGET_NAME)";
				SWIFT_VERSION = 5.0;
				TARGETED_DEVICE_FAMILY = "1,2";
			};
			name = Debug;
		};
		CC851A042454CF7600B83392 /* Release */ = {
			isa = XCBuildConfiguration;
			buildSettings = {
				ASSETCATALOG_COMPILER_APPICON_NAME = AppIcon;
				CODE_SIGN_STYLE = Automatic;
				DEVELOPMENT_TEAM = 9W5XWBS7D3;
				INFOPLIST_FILE = BoomToonProject/Info.plist;
				LD_RUNPATH_SEARCH_PATHS = (
					"$(inherited)",
					"@executable_path/Frameworks",
				);
				PRODUCT_BUNDLE_IDENTIFIER = com.example.BoomToonProject;
				PRODUCT_NAME = "$(TARGET_NAME)";
				SWIFT_VERSION = 5.0;
				TARGETED_DEVICE_FAMILY = "1,2";
			};
			name = Release;
		};
/* End XCBuildConfiguration section */

/* Begin XCConfigurationList section */
		CC8519E62454CF7400B83392 /* Build configuration list for PBXProject "BoomToonProject" */ = {
			isa = XCConfigurationList;
			buildConfigurations = (
				CC851A002454CF7600B83392 /* Debug */,
				CC851A012454CF7600B83392 /* Release */,
			);
			defaultConfigurationIsVisible = 0;
			defaultConfigurationName = Release;
		};
		CC851A022454CF7600B83392 /* Build configuration list for PBXNativeTarget "BoomToonProject" */ = {
			isa = XCConfigurationList;
			buildConfigurations = (
				CC851A032454CF7600B83392 /* Debug */,
				CC851A042454CF7600B83392 /* Release */,
			);
			defaultConfigurationIsVisible = 0;
			defaultConfigurationName = Release;
		};
/* End XCConfigurationList section */

/* Begin XCVersionGroup section */
		CC8519F72454CF7400B83392 /* BoomToonProject.xcdatamodeld */ = {
			isa = XCVersionGroup;
			children = (
				CC8519F82454CF7400B83392 /* BoomToonProject.xcdatamodel */,
			);
			currentVersion = CC8519F82454CF7400B83392 /* BoomToonProject.xcdatamodel */;
			path = BoomToonProject.xcdatamodeld;
			sourceTree = "<group>";
			versionGroupType = wrapper.xcdatamodel;
		};
/* End XCVersionGroup section */
	};
	rootObject = CC8519E32454CF7400B83392 /* Project object */;
}
